{
  "name": "audio-gifffer",
  "version": "1.5.4",
  "lockfileVersion": 2,
  "requires": true,
  "packages": {
    "": {
      "name": "audio-gifffer",
      "version": "1.5.4",
      "license": "MIT",
      "devDependencies": {
        "uglifyjs": "^2.4.11"
      }
    },
    "node_modules/uglifyjs": {
      "version": "2.4.11",
      "resolved": "https://registry.npmjs.org/uglifyjs/-/uglifyjs-2.4.11.tgz",
      "integrity": "sha1-NEDWTgRXWViVJEGOtkHGi7kNET4=",
      "deprecated": "uglifyjs is deprecated - use uglify-js instead.",
      "dev": true
    }
  },
  "dependencies": {
    "uglifyjs": {
      "version": "2.4.11",
      "resolved": "https://registry.npmjs.org/uglifyjs/-/uglifyjs-2.4.11.tgz",
      "integrity": "sha1-NEDWTgRXWViVJEGOtkHGi7kNET4=",
      "dev": true
    }
  }
}
